
Microsoft Visual Studio Solution File, Format Version 12.00
# Visual Studio Version 17
VisualStudioVersion = 17.7.34031.279
MinimumVisualStudioVersion = 10.0.40219.1
Project("{FAE04EC0-301F-11D3-BF4B-00C04F79EFBC}") = "NaCertifikát", "NaCertifikát\NaCertifikát.csproj", "{EF30DAF0-D23D-4F76-84EF-57DA2BAC738D}"
EndProject
Global
	GlobalSection(SolutionConfigurationPlatforms) = preSolution
		Debug|Any CPU = Debug|Any CPU
		Release|Any CPU = Release|Any CPU
	EndGlobalSection
	GlobalSection(ProjectConfigurationPlatforms) = postSolution
		{EF30DAF0-D23D-4F76-84EF-57DA2BAC738D}.Debug|Any CPU.ActiveCfg = Debug|Any CPU
		{EF30DAF0-D23D-4F76-84EF-57DA2BAC738D}.Debug|Any CPU.Build.0 = Debug|Any CPU
		{EF30DAF0-D23D-4F76-84EF-57DA2BAC738D}.Release|Any CPU.ActiveCfg = Release|Any CPU
		{EF30DAF0-D23D-4F76-84EF-57DA2BAC738D}.Release|Any CPU.Build.0 = Release|Any CPU
	EndGlobalSection
	GlobalSection(SolutionProperties) = preSolution
		HideSolutionNode = FALSE
	EndGlobalSection
	GlobalSection(ExtensibilityGlobals) = postSolution
		SolutionGuid = {252655C7-CBDA-4EB6-905F-5F121AA422D7}
	EndGlobalSection
EndGlobal
